// !$*UTF8*$!
{
	archiveVersion = 1;
	classes = {
	};
	objectVersion = 55;
	objects = {

/* Begin PBXBuildFile section */
		D37E29F82863A86B004BF795 /* PersonModel.swift in Sources */ = {isa = PBXBuildFile; fileRef = D37E29F72863A86B004BF795 /* PersonModel.swift */; };
		D37E29FA2863AD62004BF795 /* ProductModel.swift in Sources */ = {isa = PBXBuildFile; fileRef = D37E29F92863AD62004BF795 /* ProductModel.swift */; };
		D37E29FC2863AE66004BF795 /* VentaModel.swift in Sources */ = {isa = PBXBuildFile; fileRef = D37E29FB2863AE66004BF795 /* VentaModel.swift */; };
		D39F86602863F796002DEEA2 /* altaUsuario.swift in Sources */ = {isa = PBXBuildFile; fileRef = D39F865F2863F796002DEEA2 /* altaUsuario.swift */; };
		D39F86622863FBE6002DEEA2 /* adminMenu.swift in Sources */ = {isa = PBXBuildFile; fileRef = D39F86612863FBE6002DEEA2 /* adminMenu.swift */; };
		D39F86642863FCFB002DEEA2 /* userAdminMenu.swift in Sources */ = {isa = PBXBuildFile; fileRef = D39F86632863FCFB002DEEA2 /* userAdminMenu.swift */; };
		D39FD32E285C05C7006BA1E4 /* usuario.swift in Sources */ = {isa = PBXBuildFile; fileRef = D39FD32D285C05C7006BA1E4 /* usuario.swift */; };
		D39FD330285C0800006BA1E4 /* venta.swift in Sources */ = {isa = PBXBuildFile; fileRef = D39FD32F285C0800006BA1E4 /* venta.swift */; };
		D3A3FA852852A43100427676 /* AppDelegate.swift in Sources */ = {isa = PBXBuildFile; fileRef = D3A3FA842852A43100427676 /* AppDelegate.swift */; };
		D3A3FA872852A43100427676 /* ViewController.swift in Sources */ = {isa = PBXBuildFile; fileRef = D3A3FA862852A43100427676 /* ViewController.swift */; };
		D3A3FA892852A43300427676 /* Assets.xcassets in Resources */ = {isa = PBXBuildFile; fileRef = D3A3FA882852A43300427676 /* Assets.xcassets */; };
		D3A3FA8C2852A43300427676 /* Main.storyboard in Resources */ = {isa = PBXBuildFile; fileRef = D3A3FA8A2852A43300427676 /* Main.storyboard */; };
/* End PBXBuildFile section */

/* Begin PBXFileReference section */
		D37E29F72863A86B004BF795 /* PersonModel.swift */ = {isa = PBXFileReference; lastKnownFileType = sourcecode.swift; path = PersonModel.swift; sourceTree = "<group>"; };
		D37E29F92863AD62004BF795 /* ProductModel.swift */ = {isa = PBXFileReference; lastKnownFileType = sourcecode.swift; path = ProductModel.swift; sourceTree = "<group>"; };
		D37E29FB2863AE66004BF795 /* VentaModel.swift */ = {isa = PBXFileReference; lastKnownFileType = sourcecode.swift; path = VentaModel.swift; sourceTree = "<group>"; };
		D39F865F2863F796002DEEA2 /* altaUsuario.swift */ = {isa = PBXFileReference; lastKnownFileType = sourcecode.swift; path = altaUsuario.swift; sourceTree = "<group>"; };
		D39F86612863FBE6002DEEA2 /* adminMenu.swift */ = {isa = PBXFileReference; lastKnownFileType = sourcecode.swift; path = adminMenu.swift; sourceTree = "<group>"; };
		D39F86632863FCFB002DEEA2 /* userAdminMenu.swift */ = {isa = PBXFileReference; lastKnownFileType = sourcecode.swift; path = userAdminMenu.swift; sourceTree = "<group>"; };
		D39FD32D285C05C7006BA1E4 /* usuario.swift */ = {isa = PBXFileReference; lastKnownFileType = sourcecode.swift; path = usuario.swift; sourceTree = "<group>"; };
		D39FD32F285C0800006BA1E4 /* venta.swift */ = {isa = PBXFileReference; lastKnownFileType = sourcecode.swift; path = venta.swift; sourceTree = "<group>"; };
		D3A3FA812852A43100427676 /* ExamenP3.app */ = {isa = PBXFileReference; explicitFileType = wrapper.application; includeInIndex = 0; path = ExamenP3.app; sourceTree = BUILT_PRODUCTS_DIR; };
		D3A3FA842852A43100427676 /* AppDelegate.swift */ = {isa = PBXFileReference; lastKnownFileType = sourcecode.swift; path = AppDelegate.swift; sourceTree = "<group>"; };
		D3A3FA862852A43100427676 /* ViewController.swift */ = {isa = PBXFileReference; lastKnownFileType = sourcecode.swift; path = ViewController.swift; sourceTree = "<group>"; };
		D3A3FA882852A43300427676 /* Assets.xcassets */ = {isa = PBXFileReference; lastKnownFileType = folder.assetcatalog; path = Assets.xcassets; sourceTree = "<group>"; };
		D3A3FA8B2852A43300427676 /* Base */ = {isa = PBXFileReference; lastKnownFileType = file.storyboard; name = Base; path = Base.lproj/Main.storyboard; sourceTree = "<group>"; };
		D3A3FA8D2852A43300427676 /* ExamenP3.entitlements */ = {isa = PBXFileReference; lastKnownFileType = text.plist.entitlements; path = ExamenP3.entitlements; sourceTree = "<group>"; };
/* End PBXFileReference section */

/* Begin PBXFrameworksBuildPhase section */
		D3A3FA7E2852A43100427676 /* Frameworks */ = {
			isa = PBXFrameworksBuildPhase;
			buildActionMask = 2147483647;
			files = (
			);
			runOnlyForDeploymentPostprocessing = 0;
		};
/* End PBXFrameworksBuildPhase section */

/* Begin PBXGroup section */
		D3A3FA782852A43100427676 = {
			isa = PBXGroup;
			children = (
				D39F86612863FBE6002DEEA2 /* adminMenu.swift */,
				D39F86632863FCFB002DEEA2 /* userAdminMenu.swift */,
				D3A3FA832852A43100427676 /* ExamenP3 */,
				D3A3FA822852A43100427676 /* Products */,
			);
			sourceTree = "<group>";
		};
		D3A3FA822852A43100427676 /* Products */ = {
			isa = PBXGroup;
			children = (
				D3A3FA812852A43100427676 /* ExamenP3.app */,
			);
			name = Products;
			sourceTree = "<group>";
		};
		D3A3FA832852A43100427676 /* ExamenP3 */ = {
			isa = PBXGroup;
			children = (
				D3A3FA842852A43100427676 /* AppDelegate.swift */,
				D3A3FA862852A43100427676 /* ViewController.swift */,
				D37E29F72863A86B004BF795 /* PersonModel.swift */,
				D3A3FA882852A43300427676 /* Assets.xcassets */,
				D3A3FA8A2852A43300427676 /* Main.storyboard */,
				D39F865F2863F796002DEEA2 /* altaUsuario.swift */,
				D37E29F92863AD62004BF795 /* ProductModel.swift */,
				D37E29FB2863AE66004BF795 /* VentaModel.swift */,
				D39FD32F285C0800006BA1E4 /* venta.swift */,
				D39FD32D285C05C7006BA1E4 /* usuario.swift */,
				D3A3FA8D2852A43300427676 /* ExamenP3.entitlements */,
			);
			path = ExamenP3;
			sourceTree = "<group>";
		};
/* End PBXGroup section */

/* Begin PBXNativeTarget section */
		D3A3FA802852A43100427676 /* ExamenP3 */ = {
			isa = PBXNativeTarget;
			buildConfigurationList = D3A3FA902852A43300427676 /* Build configuration list for PBXNativeTarget "ExamenP3" */;
			buildPhases = (
				D3A3FA7D2852A43100427676 /* Sources */,
				D3A3FA7E2852A43100427676 /* Frameworks */,
				D3A3FA7F2852A43100427676 /* Resources */,
			);
			buildRules = (
			);
			dependencies = (
			);
			name = ExamenP3;
			productName = ExamenP3;
			productReference = D3A3FA812852A43100427676 /* ExamenP3.app */;
			productType = "com.apple.product-type.application";
		};
/* End PBXNativeTarget section */

/* Begin PBXProject section */
		D3A3FA792852A43100427676 /* Project object */ = {
			isa = PBXProject;
			attributes = {
				BuildIndependentTargetsInParallel = 1;
				LastSwiftUpdateCheck = 1320;
				LastUpgradeCheck = 1320;
				TargetAttributes = {
					D3A3FA802852A43100427676 = {
						CreatedOnToolsVersion = 13.2.1;
					};
				};
			};
			buildConfigurationList = D3A3FA7C2852A43100427676 /* Build configuration list for PBXProject "ExamenP3" */;
			compatibilityVersion = "Xcode 13.0";
			developmentRegion = en;
			hasScannedForEncodings = 0;
			knownRegions = (
				en,
				Base,
			);
			mainGroup = D3A3FA782852A43100427676;
			productRefGroup = D3A3FA822852A43100427676 /* Products */;
			projectDirPath = "";
			projectRoot = "";
			targets = (
				D3A3FA802852A43100427676 /* ExamenP3 */,
			);
		};
/* End PBXProject section */

/* Begin PBXResourcesBuildPhase section */
		D3A3FA7F2852A43100427676 /* Resources */ = {
			isa = PBXResourcesBuildPhase;
			buildActionMask = 2147483647;
			files = (
				D3A3FA892852A43300427676 /* Assets.xcassets in Resources */,
				D3A3FA8C2852A43300427676 /* Main.storyboard in Resources */,
			);
			runOnlyForDeploymentPostprocessing = 0;
		};
/* End PBXResourcesBuildPhase section */

/* Begin PBXSourcesBuildPhase section */
		D3A3FA7D2852A43100427676 /* Sources */ = {
			isa = PBXSourcesBuildPhase;
			buildActionMask = 2147483647;
			files = (
				D39FD330285C0800006BA1E4 /* venta.swift in Sources */,
				D39F86642863FCFB002DEEA2 /* userAdminMenu.swift in Sources */,
				D37E29FA2863AD62004BF795 /* ProductModel.swift in Sources */,
				D39F86622863FBE6002DEEA2 /* adminMenu.swift in Sources */,
				D3A3FA872852A43100427676 /* ViewController.swift in Sources */,
				D37E29FC2863AE66004BF795 /* VentaModel.swift in Sources */,
				D37E29F82863A86B004BF795 /* PersonModel.swift in Sources */,
				D39F86602863F796002DEEA2 /* altaUsuario.swift in Sources */,
				D39FD32E285C05C7006BA1E4 /* usuario.swift in Sources */,
				D3A3FA852852A43100427676 /* AppDelegate.swift in Sources */,
			);
			runOnlyForDeploymentPostprocessing = 0;
		};
/* End PBXSourcesBuildPhase section */

/* Begin PBXVariantGroup section */
		D3A3FA8A2852A43300427676 /* Main.storyboard */ = {
			isa = PBXVariantGroup;
			children = (
				D3A3FA8B2852A43300427676 /* Base */,
			);
			name = Main.storyboard;
			sourceTree = "<group>";
		};
/* End PBXVariantGroup section */

/* Begin XCBuildConfiguration section */
		D3A3FA8E2852A43300427676 /* Debug */ = {
			isa = XCBuildConfiguration;
			buildSettings = {
				ALWAYS_SEARCH_USER_PATHS = NO;
				CLANG_ANALYZER_NONNULL = YES;
				CLANG_ANALYZER_NUMBER_OBJECT_CONVERSION = YES_AGGRESSIVE;
				CLANG_CXX_LANGUAGE_STANDARD = "gnu++17";
				CLANG_CXX_LIBRARY = "libc++";
				CLANG_ENABLE_MODULES = YES;
				CLANG_ENABLE_OBJC_ARC = YES;
				CLANG_ENABLE_OBJC_WEAK = YES;
				CLANG_WARN_BLOCK_CAPTURE_AUTORELEASING = YES;
				CLANG_WARN_BOOL_CONVERSION = YES;
				CLANG_WARN_COMMA = YES;
				CLANG_WARN_CONSTANT_CONVERSION = YES;
				CLANG_WARN_DEPRECATED_OBJC_IMPLEMENTATIONS = YES;
				CLANG_WARN_DIRECT_OBJC_ISA_USAGE = YES_ERROR;
				CLANG_WARN_DOCUMENTATION_COMMENTS = YES;
				CLANG_WARN_EMPTY_BODY = YES;
				CLANG_WARN_ENUM_CONVERSION = YES;
				CLANG_WARN_INFINITE_RECURSION = YES;
				CLANG_WARN_INT_CONVERSION = YES;
				CLANG_WARN_NON_LITERAL_NULL_CONVERSION = YES;
				CLANG_WARN_OBJC_IMPLICIT_RETAIN_SELF = YES;
				CLANG_WARN_OBJC_LITERAL_CONVERSION = YES;
				CLANG_WARN_OBJC_ROOT_CLASS = YES_ERROR;
				CLANG_WARN_QUOTED_INCLUDE_IN_FRAMEWORK_HEADER = YES;
				CLANG_WARN_RANGE_LOOP_ANALYSIS = YES;
				CLANG_WARN_STRICT_PROTOTYPES = YES;
				CLANG_WARN_SUSPICIOUS_MOVE = YES;
				CLANG_WARN_UNGUARDED_AVAILABILITY = YES_AGGRESSIVE;
				CLANG_WARN_UNREACHABLE_CODE = YES;
				CLANG_WARN__DUPLICATE_METHOD_MATCH = YES;
				COPY_PHASE_STRIP = NO;
				DEBUG_INFORMATION_FORMAT = dwarf;
				ENABLE_STRICT_OBJC_MSGSEND = YES;
				ENABLE_TESTABILITY = YES;
				GCC_C_LANGUAGE_STANDARD = gnu11;
				GCC_DYNAMIC_NO_PIC = NO;
				GCC_NO_COMMON_BLOCKS = YES;
				GCC_OPTIMIZATION_LEVEL = 0;
				GCC_PREPROCESSOR_DEFINITIONS = (
					"DEBUG=1",
					"$(inherited)",
				);
				GCC_WARN_64_TO_32_BIT_CONVERSION = YES;
				GCC_WARN_ABOUT_RETURN_TYPE = YES_ERROR;
				GCC_WARN_UNDECLARED_SELECTOR = YES;
				GCC_WARN_UNINITIALIZED_AUTOS = YES_AGGRESSIVE;
				GCC_WARN_UNUSED_FUNCTION = YES;
				GCC_WARN_UNUSED_VARIABLE = YES;
				MACOSX_DEPLOYMENT_TARGET = 12.1;
				MTL_ENABLE_DEBUG_INFO = INCLUDE_SOURCE;
				MTL_FAST_MATH = YES;
				ONLY_ACTIVE_ARCH = YES;
				SDKROOT = macosx;
				SWIFT_ACTIVE_COMPILATION_CONDITIONS = DEBUG;
				SWIFT_OPTIMIZATION_LEVEL = "-Onone";
			};
			name = Debug;
		};
		D3A3FA8F2852A43300427676 /* Release */ = {
			isa = XCBuildConfiguration;
			buildSettings = {
				ALWAYS_SEARCH_USER_PATHS = NO;
				CLANG_ANALYZER_NONNULL = YES;
				CLANG_ANALYZER_NUMBER_OBJECT_CONVERSION = YES_AGGRESSIVE;
				CLANG_CXX_LANGUAGE_STANDARD = "gnu++17";
				CLANG_CXX_LIBRARY = "libc++";
				CLANG_ENABLE_MODULES = YES;
				CLANG_ENABLE_OBJC_ARC = YES;
				CLANG_ENABLE_OBJC_WEAK = YES;
				CLANG_WARN_BLOCK_CAPTURE_AUTORELEASING = YES;
				CLANG_WARN_BOOL_CONVERSION = YES;
				CLANG_WARN_COMMA = YES;
				CLANG_WARN_CONSTANT_CONVERSION = YES;
				CLANG_WARN_DEPRECATED_OBJC_IMPLEMENTATIONS = YES;
				CLANG_WARN_DIRECT_OBJC_ISA_USAGE = YES_ERROR;
				CLANG_WARN_DOCUMENTATION_COMMENTS = YES;
				CLANG_WARN_EMPTY_BODY = YES;
				CLANG_WARN_ENUM_CONVERSION = YES;
				CLANG_WARN_INFINITE_RECURSION = YES;
				CLANG_WARN_INT_CONVERSION = YES;
				CLANG_WARN_NON_LITERAL_NULL_CONVERSION = YES;
				CLANG_WARN_OBJC_IMPLICIT_RETAIN_SELF = YES;
				CLANG_WARN_OBJC_LITERAL_CONVERSION = YES;
				CLANG_WARN_OBJC_ROOT_CLASS = YES_ERROR;
				CLANG_WARN_QUOTED_INCLUDE_IN_FRAMEWORK_HEADER = YES;
				CLANG_WARN_RANGE_LOOP_ANALYSIS = YES;
				CLANG_WARN_STRICT_PROTOTYPES = YES;
				CLANG_WARN_SUSPICIOUS_MOVE = YES;
				CLANG_WARN_UNGUARDED_AVAILABILITY = YES_AGGRESSIVE;
				CLANG_WARN_UNREACHABLE_CODE = YES;
				CLANG_WARN__DUPLICATE_METHOD_MATCH = YES;
				COPY_PHASE_STRIP = NO;
				DEBUG_INFORMATION_FORMAT = "dwarf-with-dsym";
				ENABLE_NS_ASSERTIONS = NO;
				ENABLE_STRICT_OBJC_MSGSEND = YES;
				GCC_C_LANGUAGE_STANDARD = gnu11;
				GCC_NO_COMMON_BLOCKS = YES;
				GCC_WARN_64_TO_32_BIT_CONVERSION = YES;
				GCC_WARN_ABOUT_RETURN_TYPE = YES_ERROR;
				GCC_WARN_UNDECLARED_SELECTOR = YES;
				GCC_WARN_UNINITIALIZED_AUTOS = YES_AGGRESSIVE;
				GCC_WARN_UNUSED_FUNCTION = YES;
				GCC_WARN_UNUSED_VARIABLE = YES;
				MACOSX_DEPLOYMENT_TARGET = 12.1;
				MTL_ENABLE_DEBUG_INFO = NO;
				MTL_FAST_MATH = YES;
				SDKROOT = macosx;
				SWIFT_COMPILATION_MODE = wholemodule;
				SWIFT_OPTIMIZATION_LEVEL = "-O";
			};
			name = Release;
		};
		D3A3FA912852A43300427676 /* Debug */ = {
			isa = XCBuildConfiguration;
			buildSettings = {
				ASSETCATALOG_COMPILER_APPICON_NAME = AppIcon;
				ASSETCATALOG_COMPILER_GLOBAL_ACCENT_COLOR_NAME = AccentColor;
				CODE_SIGN_ENTITLEMENTS = ExamenP3/ExamenP3.entitlements;
				CODE_SIGN_STYLE = Automatic;
				COMBINE_HIDPI_IMAGES = YES;
				CURRENT_PROJECT_VERSION = 1;
				GENERATE_INFOPLIST_FILE = YES;
				INFOPLIST_KEY_NSHumanReadableCopyright = "";
				INFOPLIST_KEY_NSMainStoryboardFile = Main;
				INFOPLIST_KEY_NSPrincipalClass = NSApplication;
				LD_RUNPATH_SEARCH_PATHS = (
					"$(inherited)",
					"@executable_path/../Frameworks",
				);
				MARKETING_VERSION = 1.0;
				PRODUCT_BUNDLE_IDENTIFIER = "org.cesar-elizarraraz.ExamenP3";
				PRODUCT_NAME = "$(TARGET_NAME)";
				SWIFT_EMIT_LOC_STRINGS = YES;
				SWIFT_VERSION = 5.0;
			};
			name = Debug;
		};
		D3A3FA922852A43300427676 /* Release */ = {
			isa = XCBuildConfiguration;
			buildSettings = {
				ASSETCATALOG_COMPILER_APPICON_NAME = AppIcon;
				ASSETCATALOG_COMPILER_GLOBAL_ACCENT_COLOR_NAME = AccentColor;
				CODE_SIGN_ENTITLEMENTS = ExamenP3/ExamenP3.entitlements;
				CODE_SIGN_STYLE = Automatic;
				COMBINE_HIDPI_IMAGES = YES;
				CURRENT_PROJECT_VERSION = 1;
				GENERATE_INFOPLIST_FILE = YES;
				INFOPLIST_KEY_NSHumanReadableCopyright = "";
				INFOPLIST_KEY_NSMainStoryboardFile = Main;
				INFOPLIST_KEY_NSPrincipalClass = NSApplication;
				LD_RUNPATH_SEARCH_PATHS = (
					"$(inherited)",
					"@executable_path/../Frameworks",
				);
				MARKETING_VERSION = 1.0;
				PRODUCT_BUNDLE_IDENTIFIER = "org.cesar-elizarraraz.ExamenP3";
				PRODUCT_NAME = "$(TARGET_NAME)";
				SWIFT_EMIT_LOC_STRINGS = YES;
				SWIFT_VERSION = 5.0;
			};
			name = Release;
		};
/* End XCBuildConfiguration section */

/* Begin XCConfigurationList section */
		D3A3FA7C2852A43100427676 /* Build configuration list for PBXProject "ExamenP3" */ = {
			isa = XCConfigurationList;
			buildConfigurations = (
				D3A3FA8E2852A43300427676 /* Debug */,
				D3A3FA8F2852A43300427676 /* Release */,
			);
			defaultConfigurationIsVisible = 0;
			defaultConfigurationName = Release;
		};
		D3A3FA902852A43300427676 /* Build configuration list for PBXNativeTarget "ExamenP3" */ = {
			isa = XCConfigurationList;
			buildConfigurations = (
				D3A3FA912852A43300427676 /* Debug */,
				D3A3FA922852A43300427676 /* Release */,
			);
			defaultConfigurationIsVisible = 0;
			defaultConfigurationName = Release;
		};
/* End XCConfigurationList section */
	};
	rootObject = D3A3FA792852A43100427676 /* Project object */;
}
